PODS:
  - Nimble (7.0.3)
  - Quick (1.2.0)
  - SatelliteIOS (0.1.0)

DEPENDENCIES:
  - Nimble (~> 7.0.2)
  - Quick (~> 1.2.0)
  - SatelliteIOS (from `../`)

SPEC REPOS:
  https://github.com/cocoapods/specs.git:
    - Nimble
    - Quick

EXTERNAL SOURCES:
  SatelliteIOS:
    :path: "../"

SPEC CHECKSUMS:
  Nimble: 7f5a9c447a33002645a071bddafbfb24ea70e0ac
  Quick: 58d203b1c5e27fff7229c4c1ae445ad7069a7a08
  SatelliteIOS: 8d1bf1d0fe8d1af8bad49d4cee1ced25bd84298b

PODFILE CHECKSUM: f6d2fdb8ca24262ad03ce8cfd7dc7e45816e0e9d

COCOAPODS: 1.5.3
